
Microsoft Visual Studio Solution File, Format Version 12.00
# Visual Studio 2012
Project("{FAE04EC0-301F-11D3-BF4B-00C04F79EFBC}") = "ProxyServer", "ProxyServer\ProxyServer.csproj", "{0B665325-AE2B-4B4A-9CC0-5082C1DFE46C}"
EndProject
Global
	GlobalSection(SolutionConfigurationPlatforms) = preSolution
		Debug|Any CPU = Debug|Any CPU
		Release|Any CPU = Release|Any CPU
	EndGlobalSection
	GlobalSection(ProjectConfigurationPlatforms) = postSolution
		{0B665325-AE2B-4B4A-9CC0-5082C1DFE46C}.Debug|Any CPU.ActiveCfg = Debug|Any CPU
		{0B665325-AE2B-4B4A-9CC0-5082C1DFE46C}.Debug|Any CPU.Build.0 = Debug|Any CPU
		{0B665325-AE2B-4B4A-9CC0-5082C1DFE46C}.Release|Any CPU.ActiveCfg = Release|Any CPU
		{0B665325-AE2B-4B4A-9CC0-5082C1DFE46C}.Release|Any CPU.Build.0 = Release|Any CPU
	EndGlobalSection
	GlobalSection(SolutionProperties) = preSolution
		HideSolutionNode = FALSE
	EndGlobalSection
EndGlobal
